PODS:
  - iosMath (0.6.3)
  - MathEditor (0.1.0):
    - iosMath (~> 0.6.3)

DEPENDENCIES:
  - iosMath
  - MathEditor (from `../`)

EXTERNAL SOURCES:
  MathEditor:
    :path: ../

SPEC CHECKSUMS:
  iosMath: e8e312a440dc37619153a16f45dbd4c99308b1cb
  MathEditor: ad6d774e9db2dc37fe6e751a14a5861a7ca67525

PODFILE CHECKSUM: d7e5ee8d977d9eaa22df95948ddbd5f2170d8482

COCOAPODS: 1.0.0
