PODS:
  - iosMath (0.6.3)
  - iosMathEditor (0.1.0):
    - iosMath (~> 0.6.3)

DEPENDENCIES:
  - iosMath
  - iosMathEditor (from `../`)

EXTERNAL SOURCES:
  iosMathEditor:
    :path: ../

SPEC CHECKSUMS:
  iosMath: e8e312a440dc37619153a16f45dbd4c99308b1cb
  iosMathEditor: afc6435df34a5ef1587a627d926844f9e513bf70

PODFILE CHECKSUM: ed499bb6bc1c1a0ebbafa1021bf58b5f0c620690

COCOAPODS: 1.0.0
