PODS:
  - iosMath (0.8.2)
  - MathEditor (0.2.0):
    - iosMath

DEPENDENCIES:
  - iosMath (from `https://github.com/socraticorg/iosMath.git`)
  - MathEditor (from `./`)

EXTERNAL SOURCES:
  iosMath:
    :git: https://github.com/socraticorg/iosMath.git
  MathEditor:
    :path: ./

CHECKOUT OPTIONS:
  iosMath:
    :commit: 9a2a2ff6d80783ce0a06fd260d68e0ecafdeb4cd
    :git: https://github.com/socraticorg/iosMath.git

SPEC CHECKSUMS:
  iosMath: 1860211e90d41607415a746977a8e8597154ba4c
  MathEditor: 2f11aeb734342651fc9b6b2cd2d5407016102725

PODFILE CHECKSUM: cd223f387574ecfaf294a67e66758e739c0365f9

COCOAPODS: 1.0.1
