PODS:
  - iosMath (0.7.3)
  - MathEditor (0.1.0):
    - iosMath (~> 0.7.3)

DEPENDENCIES:
  - iosMath
  - MathEditor (from `./`)

EXTERNAL SOURCES:
  MathEditor:
    :path: ./

SPEC CHECKSUMS:
  iosMath: 2ac7b3a6a7bf887a4ab44d6964c6cad406722f89
  MathEditor: f5968ec6c15108562d413d258ac3428c46797608

PODFILE CHECKSUM: 824592d1d06afe0a23f07736e4e1f8968e497263

COCOAPODS: 1.0.0
